// !$*UTF8*$!
{
	archiveVersion = 1;
	classes = {
	};
	objectVersion = 51;
	objects = {

/* Begin PBXBuildFile section */
		222729F72524ED4700508051 /* WeatherViewController.swift in Sources */ = {isa = PBXBuildFile; fileRef = 222729F62524ED4700508051 /* WeatherViewController.swift */; };
		222729FB2524ED6A00508051 /* SettingsViewController.swift in Sources */ = {isa = PBXBuildFile; fileRef = 222729FA2524ED6A00508051 /* SettingsViewController.swift */; };
		22272A042524F08D00508051 /* TitleTableViewCell.swift in Sources */ = {isa = PBXBuildFile; fileRef = 22272A022524F08D00508051 /* TitleTableViewCell.swift */; };
		22272A052524F08D00508051 /* TitleTableViewCell.xib in Resources */ = {isa = PBXBuildFile; fileRef = 22272A032524F08D00508051 /* TitleTableViewCell.xib */; };
		224E1C0B252243560003CA45 /* AppDelegate.swift in Sources */ = {isa = PBXBuildFile; fileRef = 224E1C0A252243560003CA45 /* AppDelegate.swift */; };
		224E1C0D252243560003CA45 /* SceneDelegate.swift in Sources */ = {isa = PBXBuildFile; fileRef = 224E1C0C252243560003CA45 /* SceneDelegate.swift */; };
		224E1C12252243560003CA45 /* Main.storyboard in Resources */ = {isa = PBXBuildFile; fileRef = 224E1C10252243560003CA45 /* Main.storyboard */; };
		224E1C14252243560003CA45 /* Assets.xcassets in Resources */ = {isa = PBXBuildFile; fileRef = 224E1C13252243560003CA45 /* Assets.xcassets */; };
		224E1C17252243560003CA45 /* LaunchScreen.storyboard in Resources */ = {isa = PBXBuildFile; fileRef = 224E1C15252243560003CA45 /* LaunchScreen.storyboard */; };
		229BE6DB252E20580046564E /* city.list.json in Resources */ = {isa = PBXBuildFile; fileRef = 229BE6DA252E20580046564E /* city.list.json */; };
		229BE6DF252E2D380046564E /* CityTableViewCell.swift in Sources */ = {isa = PBXBuildFile; fileRef = 229BE6DD252E2D380046564E /* CityTableViewCell.swift */; };
		229BE6E0252E2D380046564E /* CityTableViewCell.xib in Resources */ = {isa = PBXBuildFile; fileRef = 229BE6DE252E2D380046564E /* CityTableViewCell.xib */; };
		22F7DCB325224AB100FADF60 /* City.swift in Sources */ = {isa = PBXBuildFile; fileRef = 22F7DCB225224AB100FADF60 /* City.swift */; };
		22F7DCB825224C7100FADF60 /* APIManager.swift in Sources */ = {isa = PBXBuildFile; fileRef = 22F7DCB725224C7100FADF60 /* APIManager.swift */; };
		22F7DCBC25224E3400FADF60 /* Constants.swift in Sources */ = {isa = PBXBuildFile; fileRef = 22F7DCBB25224E3400FADF60 /* Constants.swift */; };
		22F7DCBF2522585300FADF60 /* WeatherInfo.swift in Sources */ = {isa = PBXBuildFile; fileRef = 22F7DCBE2522585300FADF60 /* WeatherInfo.swift */; };
		98A7148ADA9CB0E4BF1D35DC /* Pods_WeatherApp.framework in Frameworks */ = {isa = PBXBuildFile; fileRef = E6C88F82D4D3ADE1EB07E72D /* Pods_WeatherApp.framework */; };
/* End PBXBuildFile section */

/* Begin PBXFileReference section */
		222729F62524ED4700508051 /* WeatherViewController.swift */ = {isa = PBXFileReference; lastKnownFileType = sourcecode.swift; path = WeatherViewController.swift; sourceTree = "<group>"; };
		222729FA2524ED6A00508051 /* SettingsViewController.swift */ = {isa = PBXFileReference; lastKnownFileType = sourcecode.swift; path = SettingsViewController.swift; sourceTree = "<group>"; };
		22272A022524F08D00508051 /* TitleTableViewCell.swift */ = {isa = PBXFileReference; lastKnownFileType = sourcecode.swift; path = TitleTableViewCell.swift; sourceTree = "<group>"; };
		22272A032524F08D00508051 /* TitleTableViewCell.xib */ = {isa = PBXFileReference; lastKnownFileType = file.xib; path = TitleTableViewCell.xib; sourceTree = "<group>"; };
		224E1C07252243560003CA45 /* WeatherApp.app */ = {isa = PBXFileReference; explicitFileType = wrapper.application; includeInIndex = 0; path = WeatherApp.app; sourceTree = BUILT_PRODUCTS_DIR; };
		224E1C0A252243560003CA45 /* AppDelegate.swift */ = {isa = PBXFileReference; lastKnownFileType = sourcecode.swift; path = AppDelegate.swift; sourceTree = "<group>"; };
		224E1C0C252243560003CA45 /* SceneDelegate.swift */ = {isa = PBXFileReference; lastKnownFileType = sourcecode.swift; path = SceneDelegate.swift; sourceTree = "<group>"; };
		224E1C11252243560003CA45 /* Base */ = {isa = PBXFileReference; lastKnownFileType = file.storyboard; name = Base; path = Base.lproj/Main.storyboard; sourceTree = "<group>"; };
		224E1C13252243560003CA45 /* Assets.xcassets */ = {isa = PBXFileReference; lastKnownFileType = folder.assetcatalog; path = Assets.xcassets; sourceTree = "<group>"; };
		224E1C16252243560003CA45 /* Base */ = {isa = PBXFileReference; lastKnownFileType = file.storyboard; name = Base; path = Base.lproj/LaunchScreen.storyboard; sourceTree = "<group>"; };
		224E1C18252243560003CA45 /* Info.plist */ = {isa = PBXFileReference; lastKnownFileType = text.plist.xml; path = Info.plist; sourceTree = "<group>"; };
		229BE6DA252E20580046564E /* city.list.json */ = {isa = PBXFileReference; fileEncoding = 4; lastKnownFileType = text.json; path = city.list.json; sourceTree = "<group>"; };
		229BE6DD252E2D380046564E /* CityTableViewCell.swift */ = {isa = PBXFileReference; lastKnownFileType = sourcecode.swift; path = CityTableViewCell.swift; sourceTree = "<group>"; };
		229BE6DE252E2D380046564E /* CityTableViewCell.xib */ = {isa = PBXFileReference; lastKnownFileType = file.xib; path = CityTableViewCell.xib; sourceTree = "<group>"; };
		22F7DCB225224AB100FADF60 /* City.swift */ = {isa = PBXFileReference; lastKnownFileType = sourcecode.swift; path = City.swift; sourceTree = "<group>"; };
		22F7DCB725224C7100FADF60 /* APIManager.swift */ = {isa = PBXFileReference; lastKnownFileType = sourcecode.swift; path = APIManager.swift; sourceTree = "<group>"; };
		22F7DCBB25224E3400FADF60 /* Constants.swift */ = {isa = PBXFileReference; lastKnownFileType = sourcecode.swift; path = Constants.swift; sourceTree = "<group>"; };
		22F7DCBE2522585300FADF60 /* WeatherInfo.swift */ = {isa = PBXFileReference; lastKnownFileType = sourcecode.swift; path = WeatherInfo.swift; sourceTree = "<group>"; };
		282B4742B89B60A9E3D3D5FF /* Pods-WeatherApp.release.xcconfig */ = {isa = PBXFileReference; includeInIndex = 1; lastKnownFileType = text.xcconfig; name = "Pods-WeatherApp.release.xcconfig"; path = "Target Support Files/Pods-WeatherApp/Pods-WeatherApp.release.xcconfig"; sourceTree = "<group>"; };
		29B2E42242482056A0382F85 /* Pods-WeatherApp.debug.xcconfig */ = {isa = PBXFileReference; includeInIndex = 1; lastKnownFileType = text.xcconfig; name = "Pods-WeatherApp.debug.xcconfig"; path = "Target Support Files/Pods-WeatherApp/Pods-WeatherApp.debug.xcconfig"; sourceTree = "<group>"; };
		E6C88F82D4D3ADE1EB07E72D /* Pods_WeatherApp.framework */ = {isa = PBXFileReference; explicitFileType = wrapper.framework; includeInIndex = 0; path = Pods_WeatherApp.framework; sourceTree = BUILT_PRODUCTS_DIR; };
/* End PBXFileReference section */

/* Begin PBXFrameworksBuildPhase section */
		224E1C04252243560003CA45 /* Frameworks */ = {
			isa = PBXFrameworksBuildPhase;
			buildActionMask = 2147483647;
			files = (
				98A7148ADA9CB0E4BF1D35DC /* Pods_WeatherApp.framework in Frameworks */,
			);
			runOnlyForDeploymentPostprocessing = 0;
		};
/* End PBXFrameworksBuildPhase section */

/* Begin PBXGroup section */
		1644B92F21D4F5D5B34AB80A /* Pods */ = {
			isa = PBXGroup;
			children = (
				29B2E42242482056A0382F85 /* Pods-WeatherApp.debug.xcconfig */,
				282B4742B89B60A9E3D3D5FF /* Pods-WeatherApp.release.xcconfig */,
			);
			path = Pods;
			sourceTree = "<group>";
		};
		222729F52524ED1600508051 /* Controllers */ = {
			isa = PBXGroup;
			children = (
				222729F62524ED4700508051 /* WeatherViewController.swift */,
				222729FA2524ED6A00508051 /* SettingsViewController.swift */,
			);
			path = Controllers;
			sourceTree = "<group>";
		};
		222729FD2524F02E00508051 /* Cells */ = {
			isa = PBXGroup;
			children = (
				22272A022524F08D00508051 /* TitleTableViewCell.swift */,
				22272A032524F08D00508051 /* TitleTableViewCell.xib */,
				229BE6DD252E2D380046564E /* CityTableViewCell.swift */,
				229BE6DE252E2D380046564E /* CityTableViewCell.xib */,
			);
			path = Cells;
			sourceTree = "<group>";
		};
		224E1BFE252243550003CA45 = {
			isa = PBXGroup;
			children = (
				224E1C09252243560003CA45 /* WeatherApp */,
				224E1C08252243560003CA45 /* Products */,
				1644B92F21D4F5D5B34AB80A /* Pods */,
				A15B605B616791A73F2A2ED0 /* Frameworks */,
			);
			sourceTree = "<group>";
		};
		224E1C08252243560003CA45 /* Products */ = {
			isa = PBXGroup;
			children = (
				224E1C07252243560003CA45 /* WeatherApp.app */,
			);
			name = Products;
			sourceTree = "<group>";
		};
		224E1C09252243560003CA45 /* WeatherApp */ = {
			isa = PBXGroup;
			children = (
				229BE6DA252E20580046564E /* city.list.json */,
				222729FD2524F02E00508051 /* Cells */,
				222729F52524ED1600508051 /* Controllers */,
				22F7DCB625224C5C00FADF60 /* Managers */,
				22F7DCB125224A6600FADF60 /* Models */,
				224E1C0A252243560003CA45 /* AppDelegate.swift */,
				224E1C0C252243560003CA45 /* SceneDelegate.swift */,
				224E1C10252243560003CA45 /* Main.storyboard */,
				224E1C13252243560003CA45 /* Assets.xcassets */,
				224E1C15252243560003CA45 /* LaunchScreen.storyboard */,
				224E1C18252243560003CA45 /* Info.plist */,
				22F7DCBB25224E3400FADF60 /* Constants.swift */,
			);
			path = WeatherApp;
			sourceTree = "<group>";
		};
		22F7DCB125224A6600FADF60 /* Models */ = {
			isa = PBXGroup;
			children = (
				22F7DCB225224AB100FADF60 /* City.swift */,
				22F7DCBE2522585300FADF60 /* WeatherInfo.swift */,
			);
			path = Models;
			sourceTree = "<group>";
		};
		22F7DCB625224C5C00FADF60 /* Managers */ = {
			isa = PBXGroup;
			children = (
				22F7DCB725224C7100FADF60 /* APIManager.swift */,
			);
			path = Managers;
			sourceTree = "<group>";
		};
		A15B605B616791A73F2A2ED0 /* Frameworks */ = {
			isa = PBXGroup;
			children = (
				E6C88F82D4D3ADE1EB07E72D /* Pods_WeatherApp.framework */,
			);
			name = Frameworks;
			sourceTree = "<group>";
		};
/* End PBXGroup section */

/* Begin PBXNativeTarget section */
		224E1C06252243560003CA45 /* WeatherApp */ = {
			isa = PBXNativeTarget;
			buildConfigurationList = 224E1C1B252243560003CA45 /* Build configuration list for PBXNativeTarget "WeatherApp" */;
			buildPhases = (
				EF6D297889A57A2816514251 /* [CP] Check Pods Manifest.lock */,
				224E1C03252243560003CA45 /* Sources */,
				224E1C04252243560003CA45 /* Frameworks */,
				224E1C05252243560003CA45 /* Resources */,
				A8F76C2BC1E5919FB8D70285 /* [CP] Embed Pods Frameworks */,
			);
			buildRules = (
			);
			dependencies = (
			);
			name = WeatherApp;
			productName = WeatherApp;
			productReference = 224E1C07252243560003CA45 /* WeatherApp.app */;
			productType = "com.apple.product-type.application";
		};
/* End PBXNativeTarget section */

/* Begin PBXProject section */
		224E1BFF252243550003CA45 /* Project object */ = {
			isa = PBXProject;
			attributes = {
				LastSwiftUpdateCheck = 1200;
				LastUpgradeCheck = 1200;
				TargetAttributes = {
					224E1C06252243560003CA45 = {
						CreatedOnToolsVersion = 12.0.1;
					};
				};
			};
			buildConfigurationList = 224E1C02252243550003CA45 /* Build configuration list for PBXProject "WeatherApp" */;
			compatibilityVersion = "Xcode 9.3";
			developmentRegion = en;
			hasScannedForEncodings = 0;
			knownRegions = (
				en,
				Base,
			);
			mainGroup = 224E1BFE252243550003CA45;
			productRefGroup = 224E1C08252243560003CA45 /* Products */;
			projectDirPath = "";
			projectRoot = "";
			targets = (
				224E1C06252243560003CA45 /* WeatherApp */,
			);
		};
/* End PBXProject section */

/* Begin PBXResourcesBuildPhase section */
		224E1C05252243560003CA45 /* Resources */ = {
			isa = PBXResourcesBuildPhase;
			buildActionMask = 2147483647;
			files = (
				22272A052524F08D00508051 /* TitleTableViewCell.xib in Resources */,
				229BE6DB252E20580046564E /* city.list.json in Resources */,
				224E1C17252243560003CA45 /* LaunchScreen.storyboard in Resources */,
				224E1C14252243560003CA45 /* Assets.xcassets in Resources */,
				229BE6E0252E2D380046564E /* CityTableViewCell.xib in Resources */,
				224E1C12252243560003CA45 /* Main.storyboard in Resources */,
			);
			runOnlyForDeploymentPostprocessing = 0;
		};
/* End PBXResourcesBuildPhase section */

/* Begin PBXShellScriptBuildPhase section */
		A8F76C2BC1E5919FB8D70285 /* [CP] Embed Pods Frameworks */ = {
			isa = PBXShellScriptBuildPhase;
			buildActionMask = 2147483647;
			files = (
			);
			inputFileListPaths = (
				"${PODS_ROOT}/Target Support Files/Pods-WeatherApp/Pods-WeatherApp-frameworks-${CONFIGURATION}-input-files.xcfilelist",
			);
			name = "[CP] Embed Pods Frameworks";
			outputFileListPaths = (
				"${PODS_ROOT}/Target Support Files/Pods-WeatherApp/Pods-WeatherApp-frameworks-${CONFIGURATION}-output-files.xcfilelist",
			);
			runOnlyForDeploymentPostprocessing = 0;
			shellPath = /bin/sh;
			shellScript = "\"${PODS_ROOT}/Target Support Files/Pods-WeatherApp/Pods-WeatherApp-frameworks.sh\"\n";
			showEnvVarsInLog = 0;
		};
		EF6D297889A57A2816514251 /* [CP] Check Pods Manifest.lock */ = {
			isa = PBXShellScriptBuildPhase;
			buildActionMask = 2147483647;
			files = (
			);
			inputFileListPaths = (
			);
			inputPaths = (
				"${PODS_PODFILE_DIR_PATH}/Podfile.lock",
				"${PODS_ROOT}/Manifest.lock",
			);
			name = "[CP] Check Pods Manifest.lock";
			outputFileListPaths = (
			);
			outputPaths = (
				"$(DERIVED_FILE_DIR)/Pods-WeatherApp-checkManifestLockResult.txt",
			);
			runOnlyForDeploymentPostprocessing = 0;
			shellPath = /bin/sh;
			shellScript = "diff \"${PODS_PODFILE_DIR_PATH}/Podfile.lock\" \"${PODS_ROOT}/Manifest.lock\" > /dev/null\nif [ $? != 0 ] ; then\n    # print error to STDERR\n    echo \"error: The sandbox is not in sync with the Podfile.lock. Run 'pod install' or update your CocoaPods installation.\" >&2\n    exit 1\nfi\n# This output is used by Xcode 'outputs' to avoid re-running this script phase.\necho \"SUCCESS\" > \"${SCRIPT_OUTPUT_FILE_0}\"\n";
			showEnvVarsInLog = 0;
		};
/* End PBXShellScriptBuildPhase section */

/* Begin PBXSourcesBuildPhase section */
		224E1C03252243560003CA45 /* Sources */ = {
			isa = PBXSourcesBuildPhase;
			buildActionMask = 2147483647;
			files = (
				22F7DCBF2522585300FADF60 /* WeatherInfo.swift in Sources */,
				224E1C0B252243560003CA45 /* AppDelegate.swift in Sources */,
				229BE6DF252E2D380046564E /* CityTableViewCell.swift in Sources */,
				22F7DCB825224C7100FADF60 /* APIManager.swift in Sources */,
				22F7DCB325224AB100FADF60 /* City.swift in Sources */,
				222729F72524ED4700508051 /* WeatherViewController.swift in Sources */,
				224E1C0D252243560003CA45 /* SceneDelegate.swift in Sources */,
				22F7DCBC25224E3400FADF60 /* Constants.swift in Sources */,
				22272A042524F08D00508051 /* TitleTableViewCell.swift in Sources */,
				222729FB2524ED6A00508051 /* SettingsViewController.swift in Sources */,
			);
			runOnlyForDeploymentPostprocessing = 0;
		};
/* End PBXSourcesBuildPhase section */

/* Begin PBXVariantGroup section */
		224E1C10252243560003CA45 /* Main.storyboard */ = {
			isa = PBXVariantGroup;
			children = (
				224E1C11252243560003CA45 /* Base */,
			);
			name = Main.storyboard;
			sourceTree = "<group>";
		};
		224E1C15252243560003CA45 /* LaunchScreen.storyboard */ = {
			isa = PBXVariantGroup;
			children = (
				224E1C16252243560003CA45 /* Base */,
			);
			name = LaunchScreen.storyboard;
			sourceTree = "<group>";
		};
/* End PBXVariantGroup section */

/* Begin XCBuildConfiguration section */
		224E1C19252243560003CA45 /* Debug */ = {
			isa = XCBuildConfiguration;
			buildSettings = {
				ALWAYS_SEARCH_USER_PATHS = NO;
				CLANG_ANALYZER_NONNULL = YES;
				CLANG_ANALYZER_NUMBER_OBJECT_CONVERSION = YES_AGGRESSIVE;
				CLANG_CXX_LANGUAGE_STANDARD = "gnu++14";
				CLANG_CXX_LIBRARY = "libc++";
				CLANG_ENABLE_MODULES = YES;
				CLANG_ENABLE_OBJC_ARC = YES;
				CLANG_ENABLE_OBJC_WEAK = YES;
				CLANG_WARN_BLOCK_CAPTURE_AUTORELEASING = YES;
				CLANG_WARN_BOOL_CONVERSION = YES;
				CLANG_WARN_COMMA = YES;
				CLANG_WARN_CONSTANT_CONVERSION = YES;
				CLANG_WARN_DEPRECATED_OBJC_IMPLEMENTATIONS = YES;
				CLANG_WARN_DIRECT_OBJC_ISA_USAGE = YES_ERROR;
				CLANG_WARN_DOCUMENTATION_COMMENTS = YES;
				CLANG_WARN_EMPTY_BODY = YES;
				CLANG_WARN_ENUM_CONVERSION = YES;
				CLANG_WARN_INFINITE_RECURSION = YES;
				CLANG_WARN_INT_CONVERSION = YES;
				CLANG_WARN_NON_LITERAL_NULL_CONVERSION = YES;
				CLANG_WARN_OBJC_IMPLICIT_RETAIN_SELF = YES;
				CLANG_WARN_OBJC_LITERAL_CONVERSION = YES;
				CLANG_WARN_OBJC_ROOT_CLASS = YES_ERROR;
				CLANG_WARN_QUOTED_INCLUDE_IN_FRAMEWORK_HEADER = YES;
				CLANG_WARN_RANGE_LOOP_ANALYSIS = YES;
				CLANG_WARN_STRICT_PROTOTYPES = YES;
				CLANG_WARN_SUSPICIOUS_MOVE = YES;
				CLANG_WARN_UNGUARDED_AVAILABILITY = YES_AGGRESSIVE;
				CLANG_WARN_UNREACHABLE_CODE = YES;
				CLANG_WARN__DUPLICATE_METHOD_MATCH = YES;
				COPY_PHASE_STRIP = NO;
				DEBUG_INFORMATION_FORMAT = dwarf;
				ENABLE_STRICT_OBJC_MSGSEND = YES;
				ENABLE_TESTABILITY = YES;
				GCC_C_LANGUAGE_STANDARD = gnu11;
				GCC_DYNAMIC_NO_PIC = NO;
				GCC_NO_COMMON_BLOCKS = YES;
				GCC_OPTIMIZATION_LEVEL = 0;
				GCC_PREPROCESSOR_DEFINITIONS = (
					"DEBUG=1",
					"$(inherited)",
				);
				GCC_WARN_64_TO_32_BIT_CONVERSION = YES;
				GCC_WARN_ABOUT_RETURN_TYPE = YES_ERROR;
				GCC_WARN_UNDECLARED_SELECTOR = YES;
				GCC_WARN_UNINITIALIZED_AUTOS = YES_AGGRESSIVE;
				GCC_WARN_UNUSED_FUNCTION = YES;
				GCC_WARN_UNUSED_VARIABLE = YES;
				IPHONEOS_DEPLOYMENT_TARGET = 14.0;
				MTL_ENABLE_DEBUG_INFO = INCLUDE_SOURCE;
				MTL_FAST_MATH = YES;
				ONLY_ACTIVE_ARCH = YES;
				SDKROOT = iphoneos;
				SWIFT_ACTIVE_COMPILATION_CONDITIONS = DEBUG;
				SWIFT_OPTIMIZATION_LEVEL = "-Onone";
			};
			name = Debug;
		};
		224E1C1A252243560003CA45 /* Release */ = {
			isa = XCBuildConfiguration;
			buildSettings = {
				ALWAYS_SEARCH_USER_PATHS = NO;
				CLANG_ANALYZER_NONNULL = YES;
				CLANG_ANALYZER_NUMBER_OBJECT_CONVERSION = YES_AGGRESSIVE;
				CLANG_CXX_LANGUAGE_STANDARD = "gnu++14";
				CLANG_CXX_LIBRARY = "libc++";
				CLANG_ENABLE_MODULES = YES;
				CLANG_ENABLE_OBJC_ARC = YES;
				CLANG_ENABLE_OBJC_WEAK = YES;
				CLANG_WARN_BLOCK_CAPTURE_AUTORELEASING = YES;
				CLANG_WARN_BOOL_CONVERSION = YES;
				CLANG_WARN_COMMA = YES;
				CLANG_WARN_CONSTANT_CONVERSION = YES;
				CLANG_WARN_DEPRECATED_OBJC_IMPLEMENTATIONS = YES;
				CLANG_WARN_DIRECT_OBJC_ISA_USAGE = YES_ERROR;
				CLANG_WARN_DOCUMENTATION_COMMENTS = YES;
				CLANG_WARN_EMPTY_BODY = YES;
				CLANG_WARN_ENUM_CONVERSION = YES;
				CLANG_WARN_INFINITE_RECURSION = YES;
				CLANG_WARN_INT_CONVERSION = YES;
				CLANG_WARN_NON_LITERAL_NULL_CONVERSION = YES;
				CLANG_WARN_OBJC_IMPLICIT_RETAIN_SELF = YES;
				CLANG_WARN_OBJC_LITERAL_CONVERSION = YES;
				CLANG_WARN_OBJC_ROOT_CLASS = YES_ERROR;
				CLANG_WARN_QUOTED_INCLUDE_IN_FRAMEWORK_HEADER = YES;
				CLANG_WARN_RANGE_LOOP_ANALYSIS = YES;
				CLANG_WARN_STRICT_PROTOTYPES = YES;
				CLANG_WARN_SUSPICIOUS_MOVE = YES;
				CLANG_WARN_UNGUARDED_AVAILABILITY = YES_AGGRESSIVE;
				CLANG_WARN_UNREACHABLE_CODE = YES;
				CLANG_WARN__DUPLICATE_METHOD_MATCH = YES;
				COPY_PHASE_STRIP = NO;
				DEBUG_INFORMATION_FORMAT = "dwarf-with-dsym";
				ENABLE_NS_ASSERTIONS = NO;
				ENABLE_STRICT_OBJC_MSGSEND = YES;
				GCC_C_LANGUAGE_STANDARD = gnu11;
				GCC_NO_COMMON_BLOCKS = YES;
				GCC_WARN_64_TO_32_BIT_CONVERSION = YES;
				GCC_WARN_ABOUT_RETURN_TYPE = YES_ERROR;
				GCC_WARN_UNDECLARED_SELECTOR = YES;
				GCC_WARN_UNINITIALIZED_AUTOS = YES_AGGRESSIVE;
				GCC_WARN_UNUSED_FUNCTION = YES;
				GCC_WARN_UNUSED_VARIABLE = YES;
				IPHONEOS_DEPLOYMENT_TARGET = 14.0;
				MTL_ENABLE_DEBUG_INFO = NO;
				MTL_FAST_MATH = YES;
				SDKROOT = iphoneos;
				SWIFT_COMPILATION_MODE = wholemodule;
				SWIFT_OPTIMIZATION_LEVEL = "-O";
				VALIDATE_PRODUCT = YES;
			};
			name = Release;
		};
		224E1C1C252243560003CA45 /* Debug */ = {
			isa = XCBuildConfiguration;
			baseConfigurationReference = 29B2E42242482056A0382F85 /* Pods-WeatherApp.debug.xcconfig */;
			buildSettings = {
				ASSETCATALOG_COMPILER_APPICON_NAME = AppIcon;
				ASSETCATALOG_COMPILER_GLOBAL_ACCENT_COLOR_NAME = AccentColor;
				CODE_SIGN_STYLE = Automatic;
				DEVELOPMENT_TEAM = 4UUZZ94GNC;
				INFOPLIST_FILE = WeatherApp/Info.plist;
				IPHONEOS_DEPLOYMENT_TARGET = 13.0;
				LD_RUNPATH_SEARCH_PATHS = (
					"$(inherited)",
					"@executable_path/Frameworks",
				);
				PRODUCT_BUNDLE_IDENTIFIER = com.codeAcademy.WeatherApp;
				PRODUCT_NAME = "$(TARGET_NAME)";
				SWIFT_VERSION = 5.0;
				TARGETED_DEVICE_FAMILY = 1;
			};
			name = Debug;
		};
		224E1C1D252243560003CA45 /* Release */ = {
			isa = XCBuildConfiguration;
			baseConfigurationReference = 282B4742B89B60A9E3D3D5FF /* Pods-WeatherApp.release.xcconfig */;
			buildSettings = {
				ASSETCATALOG_COMPILER_APPICON_NAME = AppIcon;
				ASSETCATALOG_COMPILER_GLOBAL_ACCENT_COLOR_NAME = AccentColor;
				CODE_SIGN_STYLE = Automatic;
				DEVELOPMENT_TEAM = 4UUZZ94GNC;
				INFOPLIST_FILE = WeatherApp/Info.plist;
				IPHONEOS_DEPLOYMENT_TARGET = 13.0;
				LD_RUNPATH_SEARCH_PATHS = (
					"$(inherited)",
					"@executable_path/Frameworks",
				);
				PRODUCT_BUNDLE_IDENTIFIER = com.codeAcademy.WeatherApp;
				PRODUCT_NAME = "$(TARGET_NAME)";
				SWIFT_VERSION = 5.0;
				TARGETED_DEVICE_FAMILY = 1;
			};
			name = Release;
		};
/* End XCBuildConfiguration section */

/* Begin XCConfigurationList section */
		224E1C02252243550003CA45 /* Build configuration list for PBXProject "WeatherApp" */ = {
			isa = XCConfigurationList;
			buildConfigurations = (
				224E1C19252243560003CA45 /* Debug */,
				224E1C1A252243560003CA45 /* Release */,
			);
			defaultConfigurationIsVisible = 0;
			defaultConfigurationName = Release;
		};
		224E1C1B252243560003CA45 /* Build configuration list for PBXNativeTarget "WeatherApp" */ = {
			isa = XCConfigurationList;
			buildConfigurations = (
				224E1C1C252243560003CA45 /* Debug */,
				224E1C1D252243560003CA45 /* Release */,
			);
			defaultConfigurationIsVisible = 0;
			defaultConfigurationName = Release;
		};
/* End XCConfigurationList section */
	};
	rootObject = 224E1BFF252243550003CA45 /* Project object */;
}
